
Microsoft Visual Studio Solution File, Format Version 12.00
# Visual Studio Version 17
VisualStudioVersion = 17.4.33205.214
MinimumVisualStudioVersion = 10.0.40219.1
Project("{FAE04EC0-301F-11D3-BF4B-00C04F79EFBC}") = "SpellCheck", "SpellCheck\SpellCheck.csproj", "{DBA6CC41-DBA7-4A49-8BDF-464F8B2FE125}"
EndProject
Global
	GlobalSection(SolutionConfigurationPlatforms) = preSolution
		Debug|Any CPU = Debug|Any CPU
		Release|Any CPU = Release|Any CPU
	EndGlobalSection
	GlobalSection(ProjectConfigurationPlatforms) = postSolution
		{DBA6CC41-DBA7-4A49-8BDF-464F8B2FE125}.Debug|Any CPU.ActiveCfg = Debug|Any CPU
		{DBA6CC41-DBA7-4A49-8BDF-464F8B2FE125}.Debug|Any CPU.Build.0 = Debug|Any CPU
		{DBA6CC41-DBA7-4A49-8BDF-464F8B2FE125}.Release|Any CPU.ActiveCfg = Release|Any CPU
		{DBA6CC41-DBA7-4A49-8BDF-464F8B2FE125}.Release|Any CPU.Build.0 = Release|Any CPU
	EndGlobalSection
	GlobalSection(SolutionProperties) = preSolution
		HideSolutionNode = FALSE
	EndGlobalSection
	GlobalSection(ExtensibilityGlobals) = postSolution
		SolutionGuid = {5CBFA536-6DE8-44DA-9893-2AEADCA62EDA}
	EndGlobalSection
EndGlobal
