
Microsoft Visual Studio Solution File, Format Version 12.00
# Visual Studio Version 17
VisualStudioVersion = 17.4.33205.214
MinimumVisualStudioVersion = 10.0.40219.1
Project("{FAE04EC0-301F-11D3-BF4B-00C04F79EFBC}") = "Equal Candies", "Equal Candies\Equal Candies.csproj", "{7A02874B-4289-49D1-AEED-FB9E573463DB}"
EndProject
Global
	GlobalSection(SolutionConfigurationPlatforms) = preSolution
		Debug|Any CPU = Debug|Any CPU
		Release|Any CPU = Release|Any CPU
	EndGlobalSection
	GlobalSection(ProjectConfigurationPlatforms) = postSolution
		{7A02874B-4289-49D1-AEED-FB9E573463DB}.Debug|Any CPU.ActiveCfg = Debug|Any CPU
		{7A02874B-4289-49D1-AEED-FB9E573463DB}.Debug|Any CPU.Build.0 = Debug|Any CPU
		{7A02874B-4289-49D1-AEED-FB9E573463DB}.Release|Any CPU.ActiveCfg = Release|Any CPU
		{7A02874B-4289-49D1-AEED-FB9E573463DB}.Release|Any CPU.Build.0 = Release|Any CPU
	EndGlobalSection
	GlobalSection(SolutionProperties) = preSolution
		HideSolutionNode = FALSE
	EndGlobalSection
	GlobalSection(ExtensibilityGlobals) = postSolution
		SolutionGuid = {0EA4BE46-C53E-4447-B9C1-B914BEBB9D6D}
	EndGlobalSection
EndGlobal
