
Microsoft Visual Studio Solution File, Format Version 12.00
# Visual Studio Version 16
VisualStudioVersion = 16.0.31402.337
MinimumVisualStudioVersion = 10.0.40219.1
Project("{FAE04EC0-301F-11D3-BF4B-00C04F79EFBC}") = "RightLeftCipher", "RightLeftCipher\RightLeftCipher.csproj", "{EACEBF6D-F996-45BE-B1B8-FE3F7DE5C56B}"
EndProject
Global
	GlobalSection(SolutionConfigurationPlatforms) = preSolution
		Debug|Any CPU = Debug|Any CPU
		Release|Any CPU = Release|Any CPU
	EndGlobalSection
	GlobalSection(ProjectConfigurationPlatforms) = postSolution
		{EACEBF6D-F996-45BE-B1B8-FE3F7DE5C56B}.Debug|Any CPU.ActiveCfg = Debug|Any CPU
		{EACEBF6D-F996-45BE-B1B8-FE3F7DE5C56B}.Debug|Any CPU.Build.0 = Debug|Any CPU
		{EACEBF6D-F996-45BE-B1B8-FE3F7DE5C56B}.Release|Any CPU.ActiveCfg = Release|Any CPU
		{EACEBF6D-F996-45BE-B1B8-FE3F7DE5C56B}.Release|Any CPU.Build.0 = Release|Any CPU
	EndGlobalSection
	GlobalSection(SolutionProperties) = preSolution
		HideSolutionNode = FALSE
	EndGlobalSection
	GlobalSection(ExtensibilityGlobals) = postSolution
		SolutionGuid = {2F5BED2B-D9D5-4C4E-81B2-5AE62D18F271}
	EndGlobalSection
EndGlobal
